<?xml version="1.0" encoding="utf-8"?>
<Project ToolsVersion="4.0" xmlns="http://schemas.microsoft.com/developer/msbuild/2003">
  <ItemGroup>
    <Filter Include="Source Files">
      <UniqueIdentifier>{4FC737F1-C7A5-4376-A066-2A32D752A2FF}</UniqueIdentifier>
      <Extensions>cpp;c;cc;cxx;c++;cppm;ixx;def;odl;idl;hpj;bat;asm;asmx</Extensions>
    </Filter>
    <Filter Include="Header Files">
      <UniqueIdentifier>{93995380-89BD-4b04-88EB-625FBE52EBFB}</UniqueIdentifier>
      <Extensions>h;hh;hpp;hxx;h++;hm;inl;inc;ipp;xsd</Extensions>
    </Filter>
    <Filter Include="Resource Files">
      <UniqueIdentifier>{67DA6AB6-F800-4c08-8B7A-83BB121AAD01}</UniqueIdentifier>
      <Extensions>rc;ico;cur;bmp;dlg;rc2;rct;bin;rgs;gif;jpg;jpeg;jpe;resx;tiff;tif;png;wav;mfcribbon-ms</Extensions>
    </Filter>
  </ItemGroup>
  <ItemGroup>
    <ClCompile Include="main.cpp">
      <Filter>Source Files</Filter>
    </ClCompile>
    <ClCompile Include="Holsters.cpp">
      <Filter>Source Files</Filter>
    </ClCompile>
    <ClCompile Include="Matrix.cpp">
      <Filter>Source Files</Filter>
    </ClCompile>
    <ClCompile Include="Utils.cpp">
      <Filter>Source Files</Filter>
    </ClCompile>
    <ClCompile Include="Offsets.cpp">
      <Filter>Source Files</Filter>
    </ClCompile>
    <ClCompile Include="BSFlattenedBoneTree.cpp">
      <Filter>Source Files</Filter>
    </ClCompile>
    <ClCompile Include="weaponOffset.cpp">
      <Filter>Source Files</Filter>
    </ClCompile>
    <ClCompile Include="hook.cpp">
      <Filter>Source Files</Filter>
    </ClCompile>
    <ClCompile Include="VRHook.cpp">
      <Filter>Source Files</Filter>
    </ClCompile>
    <ClCompile Include="ConfigModeMenu.cpp">
      <Filter>Source Files</Filter>
    </ClCompile>
    <ClCompile Include="MenuChecker.cpp">
      <Filter>Source Files</Filter>
    </ClCompile>
    <ClCompile Include="MiscStructs.cpp">
      <Filter>Source Files</Filter>
    </ClCompile>
    <ClCompile Include="InvSorting.cpp">
      <Filter>Source Files</Filter>
    </ClCompile>
  </ItemGroup>
  <ItemGroup>
    <ClInclude Include="include\version.h">
      <Filter>Header Files</Filter>
    </ClInclude>
    <ClInclude Include="Holsters.h">
      <Filter>Header Files</Filter>
    </ClInclude>
    <ClInclude Include="PapyrusVRAPI.h">
      <Filter>Header Files</Filter>
    </ClInclude>
    <ClInclude Include="VRManagerAPI.h">
      <Filter>Header Files</Filter>
    </ClInclude>
    <ClInclude Include="VRHookAPI.h">
      <Filter>Header Files</Filter>
    </ClInclude>
    <ClInclude Include="PapyrusVRTypes.h">
      <Filter>Header Files</Filter>
    </ClInclude>
    <ClInclude Include="OpenVRTypes.h">
      <Filter>Header Files</Filter>
    </ClInclude>
    <ClInclude Include="Utils.h">
      <Filter>Header Files</Filter>
    </ClInclude>
    <ClInclude Include="Matrix.h">
      <Filter>Header Files</Filter>
    </ClInclude>
    <ClInclude Include="Offsets.h">
      <Filter>Header Files</Filter>
    </ClInclude>
    <ClInclude Include="BSFlattenedBoneTree.h">
      <Filter>Header Files</Filter>
    </ClInclude>
    <ClInclude Include="SimpleIni.h">
      <Filter>Header Files</Filter>
    </ClInclude>
    <ClInclude Include="weaponOffset.h">
      <Filter>Header Files</Filter>
    </ClInclude>
    <ClInclude Include="hook.h">
      <Filter>Header Files</Filter>
    </ClInclude>
    <ClInclude Include="VRHook.h">
      <Filter>Header Files</Filter>
    </ClInclude>
    <ClInclude Include="ConfigModeMenu.h">
      <Filter>Header Files</Filter>
    </ClInclude>
    <ClInclude Include="NiCloneProcess.h">
      <Filter>Header Files</Filter>
    </ClInclude>
    <ClInclude Include="MenuChecker.h">
      <Filter>Header Files</Filter>
    </ClInclude>
    <ClInclude Include="MiscStructs.h">
      <Filter>Header Files</Filter>
    </ClInclude>
    <ClInclude Include="InvSorting.h">
      <Filter>Header Files</Filter>
    </ClInclude>
    <ClInclude Include="VirtualHolstersAPI.h">
      <Filter>Header Files</Filter>
    </ClInclude>
  </ItemGroup>
  <ItemGroup>
    <None Include="exports.def">
      <Filter>Source Files</Filter>
    </None>
  </ItemGroup>
  <ItemGroup>
    <ResourceCompile Include="VirtualHolsters.rc">
      <Filter>Resource Files</Filter>
    </ResourceCompile>
  </ItemGroup>
</Project>